
Microsoft Visual Studio Solution File, Format Version 12.00
# Visual Studio Version 16
VisualStudioVersion = 16.0.28803.452
MinimumVisualStudioVersion = 10.0.40219.1
Project("{2150E333-8FDC-42A3-9474-1A3956D46DE8}") = "Services", "Services", "{8FD03415-7ADC-4B03-8404-3C909D3B8185}"
EndProject
Project("{9A19103F-16F7-4668-BE54-9A1E7A4F7556}") = "BlobService", "Services\BlobService\BlobService.csproj", "{49E9F6F3-0367-46D1-A908-7D45388A3808}"
EndProject
Project("{9A19103F-16F7-4668-BE54-9A1E7A4F7556}") = "UMS", "Services\UMS\UMS.csproj", "{4B29F475-CD06-435D-9C02-7C24006EAD33}"
EndProject
Project("{9A19103F-16F7-4668-BE54-9A1E7A4F7556}") = "WPS", "Services\WPS\WPS.csproj", "{28F54A89-8554-45DA-A64B-1086D6453047}"
EndProject
Project("{2150E333-8FDC-42A3-9474-1A3956D46DE8}") = "Apps", "Apps", "{69F4D8A8-8733-4DAE-B1A1-FD25B7C68CA1}"
EndProject
Project("{2150E333-8FDC-42A3-9474-1A3956D46DE8}") = "Core", "Core", "{0E709EC4-DDC6-4BA4-B786-EADD82356B2B}"
EndProject
Project("{2150E333-8FDC-42A3-9474-1A3956D46DE8}") = "EventBus", "EventBus", "{9AE63DF4-3B81-4A9E-A7C0-0745BCE89E14}"
EndProject
Project("{2150E333-8FDC-42A3-9474-1A3956D46DE8}") = "Logs", "Logs", "{0E7216F3-EB32-4418-9A1E-9435E7D1D990}"
EndProject
Project("{9A19103F-16F7-4668-BE54-9A1E7A4F7556}") = "EventBus", "Core\EventBus\EventBus\EventBus.csproj", "{E910D795-3324-48D6-ACF7-187C5AD82ADD}"
EndProject
Project("{9A19103F-16F7-4668-BE54-9A1E7A4F7556}") = "EventBusServiceBus", "Core\EventBus\EventBusServiceBus\EventBusServiceBus.csproj", "{48234316-503E-44CC-88F8-753FBAF4E54F}"
EndProject
Project("{FAE04EC0-301F-11D3-BF4B-00C04F79EFBC}") = "Logging", "Core\Logs\Logging\Logging.csproj", "{7A0FB722-6D23-42D4-9B4D-8B7F1EF4F225}"
EndProject
Project("{FAE04EC0-301F-11D3-BF4B-00C04F79EFBC}") = "IntegrationEvents", "Core\EventBus\IntegrationEvents\IntegrationEvents.csproj", "{B956D2FE-92FF-465A-9058-6290EAFC1937}"
EndProject
Global
	GlobalSection(SolutionConfigurationPlatforms) = preSolution
		Debug|Any CPU = Debug|Any CPU
		Release|Any CPU = Release|Any CPU
	EndGlobalSection
	GlobalSection(ProjectConfigurationPlatforms) = postSolution
		{49E9F6F3-0367-46D1-A908-7D45388A3808}.Debug|Any CPU.ActiveCfg = Debug|Any CPU
		{49E9F6F3-0367-46D1-A908-7D45388A3808}.Debug|Any CPU.Build.0 = Debug|Any CPU
		{49E9F6F3-0367-46D1-A908-7D45388A3808}.Release|Any CPU.ActiveCfg = Release|Any CPU
		{49E9F6F3-0367-46D1-A908-7D45388A3808}.Release|Any CPU.Build.0 = Release|Any CPU
		{4B29F475-CD06-435D-9C02-7C24006EAD33}.Debug|Any CPU.ActiveCfg = Debug|Any CPU
		{4B29F475-CD06-435D-9C02-7C24006EAD33}.Debug|Any CPU.Build.0 = Debug|Any CPU
		{4B29F475-CD06-435D-9C02-7C24006EAD33}.Release|Any CPU.ActiveCfg = Release|Any CPU
		{4B29F475-CD06-435D-9C02-7C24006EAD33}.Release|Any CPU.Build.0 = Release|Any CPU
		{28F54A89-8554-45DA-A64B-1086D6453047}.Debug|Any CPU.ActiveCfg = Debug|Any CPU
		{28F54A89-8554-45DA-A64B-1086D6453047}.Debug|Any CPU.Build.0 = Debug|Any CPU
		{28F54A89-8554-45DA-A64B-1086D6453047}.Release|Any CPU.ActiveCfg = Release|Any CPU
		{28F54A89-8554-45DA-A64B-1086D6453047}.Release|Any CPU.Build.0 = Release|Any CPU
		{E910D795-3324-48D6-ACF7-187C5AD82ADD}.Debug|Any CPU.ActiveCfg = Debug|Any CPU
		{E910D795-3324-48D6-ACF7-187C5AD82ADD}.Debug|Any CPU.Build.0 = Debug|Any CPU
		{E910D795-3324-48D6-ACF7-187C5AD82ADD}.Release|Any CPU.ActiveCfg = Release|Any CPU
		{E910D795-3324-48D6-ACF7-187C5AD82ADD}.Release|Any CPU.Build.0 = Release|Any CPU
		{48234316-503E-44CC-88F8-753FBAF4E54F}.Debug|Any CPU.ActiveCfg = Debug|Any CPU
		{48234316-503E-44CC-88F8-753FBAF4E54F}.Debug|Any CPU.Build.0 = Debug|Any CPU
		{48234316-503E-44CC-88F8-753FBAF4E54F}.Release|Any CPU.ActiveCfg = Release|Any CPU
		{48234316-503E-44CC-88F8-753FBAF4E54F}.Release|Any CPU.Build.0 = Release|Any CPU
		{7A0FB722-6D23-42D4-9B4D-8B7F1EF4F225}.Debug|Any CPU.ActiveCfg = Debug|Any CPU
		{7A0FB722-6D23-42D4-9B4D-8B7F1EF4F225}.Debug|Any CPU.Build.0 = Debug|Any CPU
		{7A0FB722-6D23-42D4-9B4D-8B7F1EF4F225}.Release|Any CPU.ActiveCfg = Release|Any CPU
		{7A0FB722-6D23-42D4-9B4D-8B7F1EF4F225}.Release|Any CPU.Build.0 = Release|Any CPU
		{B956D2FE-92FF-465A-9058-6290EAFC1937}.Debug|Any CPU.ActiveCfg = Debug|Any CPU
		{B956D2FE-92FF-465A-9058-6290EAFC1937}.Debug|Any CPU.Build.0 = Debug|Any CPU
		{B956D2FE-92FF-465A-9058-6290EAFC1937}.Release|Any CPU.ActiveCfg = Release|Any CPU
		{B956D2FE-92FF-465A-9058-6290EAFC1937}.Release|Any CPU.Build.0 = Release|Any CPU
	EndGlobalSection
	GlobalSection(SolutionProperties) = preSolution
		HideSolutionNode = FALSE
	EndGlobalSection
	GlobalSection(NestedProjects) = preSolution
		{49E9F6F3-0367-46D1-A908-7D45388A3808} = {8FD03415-7ADC-4B03-8404-3C909D3B8185}
		{4B29F475-CD06-435D-9C02-7C24006EAD33} = {8FD03415-7ADC-4B03-8404-3C909D3B8185}
		{28F54A89-8554-45DA-A64B-1086D6453047} = {8FD03415-7ADC-4B03-8404-3C909D3B8185}
		{9AE63DF4-3B81-4A9E-A7C0-0745BCE89E14} = {0E709EC4-DDC6-4BA4-B786-EADD82356B2B}
		{0E7216F3-EB32-4418-9A1E-9435E7D1D990} = {0E709EC4-DDC6-4BA4-B786-EADD82356B2B}
		{E910D795-3324-48D6-ACF7-187C5AD82ADD} = {9AE63DF4-3B81-4A9E-A7C0-0745BCE89E14}
		{48234316-503E-44CC-88F8-753FBAF4E54F} = {9AE63DF4-3B81-4A9E-A7C0-0745BCE89E14}
		{7A0FB722-6D23-42D4-9B4D-8B7F1EF4F225} = {0E7216F3-EB32-4418-9A1E-9435E7D1D990}
		{B956D2FE-92FF-465A-9058-6290EAFC1937} = {9AE63DF4-3B81-4A9E-A7C0-0745BCE89E14}
	EndGlobalSection
	GlobalSection(ExtensibilityGlobals) = postSolution
		SolutionGuid = {D2A3FCEF-A8D8-4C55-88A6-AC3D68FF18CC}
	EndGlobalSection
EndGlobal
